# THIS IS AN AUTOGENERATED FILE. DO NOT EDIT THIS FILE DIRECTLY.
# yarn lockfile v1


emojilib@^3.0.7:
  version "3.0.7"
  resolved "https://registry.yarnpkg.com/emojilib/-/emojilib-3.0.7.tgz#a9019ba1ea2c65fbbd6f50911216e2ed6872f119"
  integrity sha512-8WkrBgnqeRS0pdgx3+vh3hkmb6jnxYHOyTy5xrYgFoovm7Cp2ufAiw/yvq9D53vQp8a80i6c0Hbm82Q61yx1RA==
